<?xml version="1.0" encoding="utf-8"?>
<Project ToolsVersion="4.0" xmlns="http://schemas.microsoft.com/developer/msbuild/2003">
  <ItemGroup>
    <Filter Include="Source">
      <UniqueIdentifier>{6fbe3eb8-a231-4df6-a710-b1815c6024a1}</UniqueIdentifier>
    </Filter>
    <Filter Include="Lib">
      <UniqueIdentifier>{f963bcc0-6747-4b6a-b64c-7a3c35c18226}</UniqueIdentifier>
    </Filter>
  </ItemGroup>
  <ItemGroup>
    <ClInclude Include="zCArray.h">
      <Filter>Source</Filter>
    </ClInclude>
    <ClInclude Include="detours.h">
      <Filter>Lib</Filter>
    </ClInclude>
    <ClInclude Include="GothicMemoryLocations.h">
      <Filter>Lib</Filter>
    </ClInclude>
    <ClInclude Include="stdafx.h">
      <Filter>Lib</Filter>
    </ClInclude>
    <ClInclude Include="targetver.h">
      <Filter>Lib</Filter>
    </ClInclude>
    <ClInclude Include="GRMFixes.h">
      <Filter>Source</Filter>
    </ClInclude>
    <ClInclude Include="VersionCheck.h">
      <Filter>Source</Filter>
    </ClInclude>
    <ClInclude Include="PluginInterface.h">
      <Filter>Source</Filter>
    </ClInclude>
  </ItemGroup>
  <ItemGroup>
    <ClCompile Include="PluginInterface.cpp">
      <Filter>Source</Filter>
    </ClCompile>
    <ClCompile Include="stdafx.cpp">
      <Filter>Lib</Filter>
    </ClCompile>
    <ClCompile Include="GRMFixes.cpp">
      <Filter>Source</Filter>
    </ClCompile>
    <ClCompile Include="VersionCheck.cpp">
      <Filter>Source</Filter>
    </ClCompile>
  </ItemGroup>
</Project>